Microsoft Visual Studio Solution File, Format Version 12.00
# Visual Studio Version 17
VisualStudioVersion = 17.10.34902.84
MinimumVisualStudioVersion = 10.0.40219.1
Project("{FAE04EC0-301F-11D3-BF4B-00C04F79EFBC}") = "AspireStaNoRedis.AppHost", "AspireStaNoRedis.AppHost\AspireStaNoRedis.AppHost.csproj", "{60B9A829-92A3-43E2-8945-5E70131F093D}"
EndProject
Project("{9A19103F-16F7-4668-BE54-9A1E7A4F7556}") = "AspireStaNoRedis.ServiceDefaults", "AspireStaNoRedis.ServiceDefaults\AspireStaNoRedis.ServiceDefaults.csproj", "{293008C6-74ED-4FEA-8D31-1A4DB3BF0CE3}"
EndProject
Project("{9A19103F-16F7-4668-BE54-9A1E7A4F7556}") = "AspireStaNoRedis.ApiService", "AspireStaNoRedis.ApiService\AspireStaNoRedis.ApiService.csproj", "{3FA652CA-980A-43AD-AB07-BD5F38A0E825}"
EndProject
Project("{9A19103F-16F7-4668-BE54-9A1E7A4F7556}") = "AspireStaNoRedis.Web", "AspireStaNoRedis.Web\AspireStaNoRedis.Web.csproj", "{621D806B-9965-48F0-9EBA-C3F854FA8EF1}"
EndProject
Global
	GlobalSection(SolutionConfigurationPlatforms) = preSolution
		Debug|Any CPU = Debug|Any CPU
		Release|Any CPU = Release|Any CPU
	EndGlobalSection
	GlobalSection(ProjectConfigurationPlatforms) = postSolution
		{60B9A829-92A3-43E2-8945-5E70131F093D}.Debug|Any CPU.ActiveCfg = Debug|Any CPU
		{60B9A829-92A3-43E2-8945-5E70131F093D}.Debug|Any CPU.Build.0 = Debug|Any CPU
		{60B9A829-92A3-43E2-8945-5E70131F093D}.Release|Any CPU.ActiveCfg = Release|Any CPU
		{60B9A829-92A3-43E2-8945-5E70131F093D}.Release|Any CPU.Build.0 = Release|Any CPU
		{293008C6-74ED-4FEA-8D31-1A4DB3BF0CE3}.Debug|Any CPU.ActiveCfg = Debug|Any CPU
		{293008C6-74ED-4FEA-8D31-1A4DB3BF0CE3}.Debug|Any CPU.Build.0 = Debug|Any CPU
		{293008C6-74ED-4FEA-8D31-1A4DB3BF0CE3}.Release|Any CPU.ActiveCfg = Release|Any CPU
		{293008C6-74ED-4FEA-8D31-1A4DB3BF0CE3}.Release|Any CPU.Build.0 = Release|Any CPU
		{3FA652CA-980A-43AD-AB07-BD5F38A0E825}.Debug|Any CPU.ActiveCfg = Debug|Any CPU
		{3FA652CA-980A-43AD-AB07-BD5F38A0E825}.Debug|Any CPU.Build.0 = Debug|Any CPU
		{3FA652CA-980A-43AD-AB07-BD5F38A0E825}.Release|Any CPU.ActiveCfg = Release|Any CPU
		{3FA652CA-980A-43AD-AB07-BD5F38A0E825}.Release|Any CPU.Build.0 = Release|Any CPU
		{621D806B-9965-48F0-9EBA-C3F854FA8EF1}.Debug|Any CPU.ActiveCfg = Debug|Any CPU
		{621D806B-9965-48F0-9EBA-C3F854FA8EF1}.Debug|Any CPU.Build.0 = Debug|Any CPU
		{621D806B-9965-48F0-9EBA-C3F854FA8EF1}.Release|Any CPU.ActiveCfg = Release|Any CPU
		{621D806B-9965-48F0-9EBA-C3F854FA8EF1}.Release|Any CPU.Build.0 = Release|Any CPU
	EndGlobalSection
	GlobalSection(SolutionProperties) = preSolution
		HideSolutionNode = FALSE
	EndGlobalSection
	GlobalSection(ExtensibilityGlobals) = postSolution
		SolutionGuid = {4C43E7F8-DB9A-41AB-832D-34748FA52468}
	EndGlobalSection
EndGlobal
