
Microsoft Visual Studio Solution File, Format Version 12.00
# Visual Studio Version 17
VisualStudioVersion = 17.10.34902.84
MinimumVisualStudioVersion = 10.0.40219.1
Project("{9A19103F-16F7-4668-BE54-9A1E7A4F7556}") = "BlazorWithAspire", "BlazorWithAspire\BlazorWithAspire.csproj", "{026A1728-657C-4028-BA82-15EA636995F5}"
EndProject
Project("{FAE04EC0-301F-11D3-BF4B-00C04F79EFBC}") = "BlazorWithAspire.AppHost", "BlazorWithAspire.AppHost\BlazorWithAspire.AppHost.csproj", "{C6BA4F4B-8BE0-43F6-B06E-3E6E83D9AC1A}"
EndProject
Project("{9A19103F-16F7-4668-BE54-9A1E7A4F7556}") = "BlazorWithAspire.ServiceDefaults", "BlazorWithAspire.ServiceDefaults\BlazorWithAspire.ServiceDefaults.csproj", "{90CC9244-04D9-48AC-B484-A019B2666E7C}"
EndProject
Global
	GlobalSection(SolutionConfigurationPlatforms) = preSolution
		Debug|Any CPU = Debug|Any CPU
		Release|Any CPU = Release|Any CPU
	EndGlobalSection
	GlobalSection(ProjectConfigurationPlatforms) = postSolution
		{026A1728-657C-4028-BA82-15EA636995F5}.Debug|Any CPU.ActiveCfg = Debug|Any CPU
		{026A1728-657C-4028-BA82-15EA636995F5}.Debug|Any CPU.Build.0 = Debug|Any CPU
		{026A1728-657C-4028-BA82-15EA636995F5}.Release|Any CPU.ActiveCfg = Release|Any CPU
		{026A1728-657C-4028-BA82-15EA636995F5}.Release|Any CPU.Build.0 = Release|Any CPU
		{C6BA4F4B-8BE0-43F6-B06E-3E6E83D9AC1A}.Debug|Any CPU.ActiveCfg = Debug|Any CPU
		{C6BA4F4B-8BE0-43F6-B06E-3E6E83D9AC1A}.Debug|Any CPU.Build.0 = Debug|Any CPU
		{C6BA4F4B-8BE0-43F6-B06E-3E6E83D9AC1A}.Release|Any CPU.ActiveCfg = Release|Any CPU
		{C6BA4F4B-8BE0-43F6-B06E-3E6E83D9AC1A}.Release|Any CPU.Build.0 = Release|Any CPU
		{90CC9244-04D9-48AC-B484-A019B2666E7C}.Debug|Any CPU.ActiveCfg = Debug|Any CPU
		{90CC9244-04D9-48AC-B484-A019B2666E7C}.Debug|Any CPU.Build.0 = Debug|Any CPU
		{90CC9244-04D9-48AC-B484-A019B2666E7C}.Release|Any CPU.ActiveCfg = Release|Any CPU
		{90CC9244-04D9-48AC-B484-A019B2666E7C}.Release|Any CPU.Build.0 = Release|Any CPU
	EndGlobalSection
	GlobalSection(SolutionProperties) = preSolution
		HideSolutionNode = FALSE
	EndGlobalSection
	GlobalSection(ExtensibilityGlobals) = postSolution
		SolutionGuid = {A827D55A-9E07-4131-8334-B9C54605F0B7}
	EndGlobalSection
EndGlobal
